github.com/creachadair/atomicfile v0.3.2 h1:f8haU8NcZ1NABfhHafpJIG+atR7481lqnx04clrxSOA=
github.com/creachadair/atomicfile v0.3.2/go.mod h1:3ZSR9ApQoZLvVNI5eRhzpU0a2Efu88TgNBIm0jRXCgA=
github.com/creachadair/command v0.1.1 h1:1XNoAcb8N++v38lwT41gb3hf56ZUSwmUicUi0qmF9v4=
github.com/creachadair/command v0.1.1/go.mod h1:hTu+WcX2tWwn3qgux8b26e6QKJZ7Tm45/5miXSdgxa4=
github.com/creachadair/flax v0.0.0-20230904162121-7852fa2389bd h1:Dd9zMOXj0B5bcCB9X0Hppy7IG8zlzet5PbYJUEQeIpU=
github.com/creachadair/flax v0.0.0-20230904162121-7852fa2389bd/go.mod h1:2vVCsqiB+GpV/qBKCQ0lKRrJhlKUPdI83SnaFKwJyNo=
github.com/creachadair/getpass v0.2.1 h1:ZtLVMUa5HdBStZsvSoYv4+G+RxQM1vNrfCUc0/xIJW8=
github.com/creachadair/getpass v0.2.1/go.mod h1:nz1KzZI7LDzvc3d8CmJfGC1Hkiu6zw1iPuevAFiBJ+Y=
github.com/creachadair/mds v0.2.3 h1:Svuw/AXrUUMxGHdRyuDsWJ36oFJRprqP8+iI86XzZjM=
github.com/creachadair/mds v0.2.3/go.mod h1:PmXHgspUECelJVsAgDxWvjblna5BGjPxdEpr7SIEvNs=
github.com/golang/snappy v0.0.4 h1:yAGX7huGHXlcLOEtBnF4w7FQwA26wojNCwOYAEhLjQM=
github.com/golang/snappy v0.0.4/go.mod h1:/XxbfmMg8lxefKM7IXC3fBNl/7bRcc72aCRzEWrmP2Q=
github.com/google/go-cmp v0.5.9 h1:O2Tfq5qg4qc4AmwVlvv0oLiVAGB7enBSJ2x2DqQFi38=
github.com/google/go-cmp v0.5.9/go.mod h1:17dUlkBOakJ0+DkrSSNjCkIjxS6bF9zb3elmeNGIjoY=
golang.org/x/crypto v0.13.0 h1:mvySKfSWJ+UKUii46M40LOvyWfN0s2U+46/jDd0e6Ck=
golang.org/x/crypto v0.13.0/go.mod h1:y6Z2r+Rw4iayiXXAIxJIDAJ1zMW4yaTpebo8fPOliYc=
golang.org/x/sys v0.12.0 h1:CM0HF96J0hcLAwsHPJZjfdNzs0gftsLfgKt57wWHJ0o=
golang.org/x/sys v0.12.0/go.mod h1:oPkhp1MJrh7nUepCBck5+mAzfO9JrbApNNgaTdGDITg=
golang.org/x/term v0.12.0 h1:/ZfYdc3zq+q02Rv9vGqTeSItdzZTSNDmfTi0mBAuidU=
golang.org/x/term v0.12.0/go.mod h1:owVbMEjm3cBLCHdkQu9b1opXd4ETQWc3BhuQGKgXgvU=
